
Microsoft Visual Studio Solution File, Format Version 12.00
# Visual Studio Version 17
VisualStudioVersion = 17.7.34024.191
MinimumVisualStudioVersion = 10.0.40219.1
Project("{9A19103F-16F7-4668-BE54-9A1E7A4F7556}") = "BookBeautyAPI", "BookBeautyAPI\BookBeautyAPI.csproj", "{2826A483-FE4D-43B2-B989-88A4315E912B}"
EndProject
Project("{9A19103F-16F7-4668-BE54-9A1E7A4F7556}") = "BookBeauty.Model", "BookBeauty.Model\BookBeauty.Model.csproj", "{B7E7D03C-DF1E-458F-A3A1-30AACED3C4D9}"
EndProject
Project("{FAE04EC0-301F-11D3-BF4B-00C04F79EFBC}") = "BookBeauty.Services", "BookBeauty.Services\BookBeauty.Services.csproj", "{B886187C-5E3F-4217-B6EC-BBD380427E8F}"
EndProject
Global
	GlobalSection(SolutionConfigurationPlatforms) = preSolution
		Debug|Any CPU = Debug|Any CPU
		Release|Any CPU = Release|Any CPU
	EndGlobalSection
	GlobalSection(ProjectConfigurationPlatforms) = postSolution
		{2826A483-FE4D-43B2-B989-88A4315E912B}.Debug|Any CPU.ActiveCfg = Debug|Any CPU
		{2826A483-FE4D-43B2-B989-88A4315E912B}.Debug|Any CPU.Build.0 = Debug|Any CPU
		{2826A483-FE4D-43B2-B989-88A4315E912B}.Release|Any CPU.ActiveCfg = Release|Any CPU
		{2826A483-FE4D-43B2-B989-88A4315E912B}.Release|Any CPU.Build.0 = Release|Any CPU
		{B7E7D03C-DF1E-458F-A3A1-30AACED3C4D9}.Debug|Any CPU.ActiveCfg = Debug|Any CPU
		{B7E7D03C-DF1E-458F-A3A1-30AACED3C4D9}.Debug|Any CPU.Build.0 = Debug|Any CPU
		{B7E7D03C-DF1E-458F-A3A1-30AACED3C4D9}.Release|Any CPU.ActiveCfg = Release|Any CPU
		{B7E7D03C-DF1E-458F-A3A1-30AACED3C4D9}.Release|Any CPU.Build.0 = Release|Any CPU
		{B886187C-5E3F-4217-B6EC-BBD380427E8F}.Debug|Any CPU.ActiveCfg = Debug|Any CPU
		{B886187C-5E3F-4217-B6EC-BBD380427E8F}.Debug|Any CPU.Build.0 = Debug|Any CPU
		{B886187C-5E3F-4217-B6EC-BBD380427E8F}.Release|Any CPU.ActiveCfg = Release|Any CPU
		{B886187C-5E3F-4217-B6EC-BBD380427E8F}.Release|Any CPU.Build.0 = Release|Any CPU
	EndGlobalSection
	GlobalSection(SolutionProperties) = preSolution
		HideSolutionNode = FALSE
	EndGlobalSection
	GlobalSection(ExtensibilityGlobals) = postSolution
		SolutionGuid = {3F916EDB-8E93-4D46-ACD9-A3D873BB0FD3}
	EndGlobalSection
EndGlobal
